// !$*UTF8*$!
{
	archiveVersion = 1;
	classes = {
	};
	objectVersion = 46;
	objects = {

/* Begin PBXBuildFile section */
		25B648B51F5FEF3000490BFC /* AppDelegate.swift in Sources */ = {isa = PBXBuildFile; fileRef = 25B648B41F5FEF3000490BFC /* AppDelegate.swift */; };
		25B648BC1F5FEF3000490BFC /* Assets.xcassets in Resources */ = {isa = PBXBuildFile; fileRef = 25B648BB1F5FEF3000490BFC /* Assets.xcassets */; };
		25B648BF1F5FEF3000490BFC /* LaunchScreen.storyboard in Resources */ = {isa = PBXBuildFile; fileRef = 25B648BD1F5FEF3000490BFC /* LaunchScreen.storyboard */; };
		25B648CA1F5FEF3000490BFC /* WKZBTests.swift in Sources */ = {isa = PBXBuildFile; fileRef = 25B648C91F5FEF3000490BFC /* WKZBTests.swift */; };
		25B648D51F5FEF3000490BFC /* WKZBUITests.swift in Sources */ = {isa = PBXBuildFile; fileRef = 25B648D41F5FEF3000490BFC /* WKZBUITests.swift */; };
		25B648E71F5FF28300490BFC /* Main.storyboard in Resources */ = {isa = PBXBuildFile; fileRef = 25B648E61F5FF28300490BFC /* Main.storyboard */; };
		25B648FE1F5FF34800490BFC /* WKTabBarController.swift in Sources */ = {isa = PBXBuildFile; fileRef = 25B648EB1F5FF34800490BFC /* WKTabBarController.swift */; };
		25B649011F5FF39200490BFC /* WKLiveViewController.swift in Sources */ = {isa = PBXBuildFile; fileRef = 25B648FF1F5FF39200490BFC /* WKLiveViewController.swift */; };
		25B649041F5FF3B100490BFC /* WKLiveViewController.storyboard in Resources */ = {isa = PBXBuildFile; fileRef = 25B649031F5FF3B100490BFC /* WKLiveViewController.storyboard */; };
		25B649061F5FFC1E00490BFC /* WKRankViewController.swift in Sources */ = {isa = PBXBuildFile; fileRef = 25B649051F5FFC1E00490BFC /* WKRankViewController.swift */; };
		25B649081F5FFC2B00490BFC /* WKRankViewController.storyboard in Resources */ = {isa = PBXBuildFile; fileRef = 25B649071F5FFC2B00490BFC /* WKRankViewController.storyboard */; };
		25B6490A1F5FFC4800490BFC /* WKFindViewController.swift in Sources */ = {isa = PBXBuildFile; fileRef = 25B649091F5FFC4800490BFC /* WKFindViewController.swift */; };
		25B6490C1F5FFC5100490BFC /* WKFindViewController.storyboard in Resources */ = {isa = PBXBuildFile; fileRef = 25B6490B1F5FFC5100490BFC /* WKFindViewController.storyboard */; };
		25B6490E1F5FFC5F00490BFC /* WKMyViewController.swift in Sources */ = {isa = PBXBuildFile; fileRef = 25B6490D1F5FFC5F00490BFC /* WKMyViewController.swift */; };
		25B649101F5FFC6900490BFC /* WKMyViewController.storyboard in Resources */ = {isa = PBXBuildFile; fileRef = 25B6490F1F5FFC6900490BFC /* WKMyViewController.storyboard */; };
		25B649161F6001E500490BFC /* WKNavViewController.swift in Sources */ = {isa = PBXBuildFile; fileRef = 25B649151F6001E500490BFC /* WKNavViewController.swift */; };
		25B6491E1F60F28C00490BFC /* UIBarButtonItem-Extension.swift in Sources */ = {isa = PBXBuildFile; fileRef = 25B6491B1F60F28C00490BFC /* UIBarButtonItem-Extension.swift */; };
		25B6491F1F60F28C00490BFC /* UIColor+Extension.swift in Sources */ = {isa = PBXBuildFile; fileRef = 25B6491C1F60F28C00490BFC /* UIColor+Extension.swift */; };
		25B649211F60F3D200490BFC /* WKPageView.swift in Sources */ = {isa = PBXBuildFile; fileRef = 25B649201F60F3D200490BFC /* WKPageView.swift */; };
		25B649231F60F3E100490BFC /* WKPageTitleView.swift in Sources */ = {isa = PBXBuildFile; fileRef = 25B649221F60F3E100490BFC /* WKPageTitleView.swift */; };
		25B649251F60F3F700490BFC /* WKPageContentView.swift in Sources */ = {isa = PBXBuildFile; fileRef = 25B649241F60F3F700490BFC /* WKPageContentView.swift */; };
		25B649271F60F60500490BFC /* WKPageStyle.swift in Sources */ = {isa = PBXBuildFile; fileRef = 25B649261F60F60500490BFC /* WKPageStyle.swift */; };
		25B649291F60F8DD00490BFC /* Common.swift in Sources */ = {isa = PBXBuildFile; fileRef = 25B649281F60F8DD00490BFC /* Common.swift */; };
/* End PBXBuildFile section */

/* Begin PBXContainerItemProxy section */
		25B648C61F5FEF3000490BFC /* PBXContainerItemProxy */ = {
			isa = PBXContainerItemProxy;
			containerPortal = 25B648A91F5FEF3000490BFC /* Project object */;
			proxyType = 1;
			remoteGlobalIDString = 25B648B01F5FEF3000490BFC;
			remoteInfo = WKZB;
		};
		25B648D11F5FEF3000490BFC /* PBXContainerItemProxy */ = {
			isa = PBXContainerItemProxy;
			containerPortal = 25B648A91F5FEF3000490BFC /* Project object */;
			proxyType = 1;
			remoteGlobalIDString = 25B648B01F5FEF3000490BFC;
			remoteInfo = WKZB;
		};
/* End PBXContainerItemProxy section */

/* Begin PBXFileReference section */
		25B648B11F5FEF3000490BFC /* WKZB.app */ = {isa = PBXFileReference; explicitFileType = wrapper.application; includeInIndex = 0; path = WKZB.app; sourceTree = BUILT_PRODUCTS_DIR; };
		25B648B41F5FEF3000490BFC /* AppDelegate.swift */ = {isa = PBXFileReference; lastKnownFileType = sourcecode.swift; path = AppDelegate.swift; sourceTree = "<group>"; };
		25B648BB1F5FEF3000490BFC /* Assets.xcassets */ = {isa = PBXFileReference; lastKnownFileType = folder.assetcatalog; path = Assets.xcassets; sourceTree = "<group>"; };
		25B648BE1F5FEF3000490BFC /* Base */ = {isa = PBXFileReference; lastKnownFileType = file.storyboard; name = Base; path = Base.lproj/LaunchScreen.storyboard; sourceTree = "<group>"; };
		25B648C01F5FEF3000490BFC /* Info.plist */ = {isa = PBXFileReference; lastKnownFileType = text.plist.xml; path = Info.plist; sourceTree = "<group>"; };
		25B648C51F5FEF3000490BFC /* WKZBTests.xctest */ = {isa = PBXFileReference; explicitFileType = wrapper.cfbundle; includeInIndex = 0; path = WKZBTests.xctest; sourceTree = BUILT_PRODUCTS_DIR; };
		25B648C91F5FEF3000490BFC /* WKZBTests.swift */ = {isa = PBXFileReference; lastKnownFileType = sourcecode.swift; path = WKZBTests.swift; sourceTree = "<group>"; };
		25B648CB1F5FEF3000490BFC /* Info.plist */ = {isa = PBXFileReference; lastKnownFileType = text.plist.xml; path = Info.plist; sourceTree = "<group>"; };
		25B648D01F5FEF3000490BFC /* WKZBUITests.xctest */ = {isa = PBXFileReference; explicitFileType = wrapper.cfbundle; includeInIndex = 0; path = WKZBUITests.xctest; sourceTree = BUILT_PRODUCTS_DIR; };
		25B648D41F5FEF3000490BFC /* WKZBUITests.swift */ = {isa = PBXFileReference; lastKnownFileType = sourcecode.swift; path = WKZBUITests.swift; sourceTree = "<group>"; };
		25B648D61F5FEF3000490BFC /* Info.plist */ = {isa = PBXFileReference; lastKnownFileType = text.plist.xml; path = Info.plist; sourceTree = "<group>"; };
		25B648E61F5FF28300490BFC /* Main.storyboard */ = {isa = PBXFileReference; fileEncoding = 4; lastKnownFileType = file.storyboard; name = Main.storyboard; path = ../../../Main.storyboard; sourceTree = "<group>"; };
		25B648EB1F5FF34800490BFC /* WKTabBarController.swift */ = {isa = PBXFileReference; fileEncoding = 4; lastKnownFileType = sourcecode.swift; path = WKTabBarController.swift; sourceTree = "<group>"; };
		25B648FF1F5FF39200490BFC /* WKLiveViewController.swift */ = {isa = PBXFileReference; fileEncoding = 4; lastKnownFileType = sourcecode.swift; path = WKLiveViewController.swift; sourceTree = "<group>"; };
		25B649031F5FF3B100490BFC /* WKLiveViewController.storyboard */ = {isa = PBXFileReference; fileEncoding = 4; lastKnownFileType = file.storyboard; name = WKLiveViewController.storyboard; path = "WKZB/Classes/直播/Controller/WKLiveViewController.storyboard"; sourceTree = SOURCE_ROOT; };
		25B649051F5FFC1E00490BFC /* WKRankViewController.swift */ = {isa = PBXFileReference; fileEncoding = 4; lastKnownFileType = sourcecode.swift; path = WKRankViewController.swift; sourceTree = "<group>"; };
		25B649071F5FFC2B00490BFC /* WKRankViewController.storyboard */ = {isa = PBXFileReference; fileEncoding = 4; lastKnownFileType = file.storyboard; name = WKRankViewController.storyboard; path = "WKZB/Classes/排行/Controller/WKRankViewController.storyboard"; sourceTree = SOURCE_ROOT; };
		25B649091F5FFC4800490BFC /* WKFindViewController.swift */ = {isa = PBXFileReference; fileEncoding = 4; lastKnownFileType = sourcecode.swift; path = WKFindViewController.swift; sourceTree = "<group>"; };
		25B6490B1F5FFC5100490BFC /* WKFindViewController.storyboard */ = {isa = PBXFileReference; fileEncoding = 4; lastKnownFileType = file.storyboard; name = WKFindViewController.storyboard; path = "WKZB/Classes/发现/Controller/WKFindViewController.storyboard"; sourceTree = SOURCE_ROOT; };
		25B6490D1F5FFC5F00490BFC /* WKMyViewController.swift */ = {isa = PBXFileReference; fileEncoding = 4; lastKnownFileType = sourcecode.swift; path = WKMyViewController.swift; sourceTree = "<group>"; };
		25B6490F1F5FFC6900490BFC /* WKMyViewController.storyboard */ = {isa = PBXFileReference; fileEncoding = 4; lastKnownFileType = file.storyboard; name = WKMyViewController.storyboard; path = "WKZB/Classes/我的/Controller/WKMyViewController.storyboard"; sourceTree = SOURCE_ROOT; };
		25B649151F6001E500490BFC /* WKNavViewController.swift */ = {isa = PBXFileReference; fileEncoding = 4; lastKnownFileType = sourcecode.swift; path = WKNavViewController.swift; sourceTree = "<group>"; };
		25B6491B1F60F28C00490BFC /* UIBarButtonItem-Extension.swift */ = {isa = PBXFileReference; fileEncoding = 4; lastKnownFileType = sourcecode.swift; path = "UIBarButtonItem-Extension.swift"; sourceTree = "<group>"; };
		25B6491C1F60F28C00490BFC /* UIColor+Extension.swift */ = {isa = PBXFileReference; fileEncoding = 4; lastKnownFileType = sourcecode.swift; path = "UIColor+Extension.swift"; sourceTree = "<group>"; };
		25B649201F60F3D200490BFC /* WKPageView.swift */ = {isa = PBXFileReference; fileEncoding = 4; lastKnownFileType = sourcecode.swift; path = WKPageView.swift; sourceTree = "<group>"; };
		25B649221F60F3E100490BFC /* WKPageTitleView.swift */ = {isa = PBXFileReference; fileEncoding = 4; lastKnownFileType = sourcecode.swift; path = WKPageTitleView.swift; sourceTree = "<group>"; };
		25B649241F60F3F700490BFC /* WKPageContentView.swift */ = {isa = PBXFileReference; fileEncoding = 4; lastKnownFileType = sourcecode.swift; path = WKPageContentView.swift; sourceTree = "<group>"; };
		25B649261F60F60500490BFC /* WKPageStyle.swift */ = {isa = PBXFileReference; fileEncoding = 4; lastKnownFileType = sourcecode.swift; path = WKPageStyle.swift; sourceTree = "<group>"; };
		25B649281F60F8DD00490BFC /* Common.swift */ = {isa = PBXFileReference; fileEncoding = 4; lastKnownFileType = sourcecode.swift; path = Common.swift; sourceTree = "<group>"; };
/* End PBXFileReference section */

/* Begin PBXFrameworksBuildPhase section */
		25B648AE1F5FEF3000490BFC /* Frameworks */ = {
			isa = PBXFrameworksBuildPhase;
			buildActionMask = 2147483647;
			files = (
			);
			runOnlyForDeploymentPostprocessing = 0;
		};
		25B648C21F5FEF3000490BFC /* Frameworks */ = {
			isa = PBXFrameworksBuildPhase;
			buildActionMask = 2147483647;
			files = (
			);
			runOnlyForDeploymentPostprocessing = 0;
		};
		25B648CD1F5FEF3000490BFC /* Frameworks */ = {
			isa = PBXFrameworksBuildPhase;
			buildActionMask = 2147483647;
			files = (
			);
			runOnlyForDeploymentPostprocessing = 0;
		};
/* End PBXFrameworksBuildPhase section */

/* Begin PBXGroup section */
		25B648A81F5FEF3000490BFC = {
			isa = PBXGroup;
			children = (
				25B648B31F5FEF3000490BFC /* WKZB */,
				25B648C81F5FEF3000490BFC /* WKZBTests */,
				25B648D31F5FEF3000490BFC /* WKZBUITests */,
				25B648B21F5FEF3000490BFC /* Products */,
			);
			sourceTree = "<group>";
		};
		25B648B21F5FEF3000490BFC /* Products */ = {
			isa = PBXGroup;
			children = (
				25B648B11F5FEF3000490BFC /* WKZB.app */,
				25B648C51F5FEF3000490BFC /* WKZBTests.xctest */,
				25B648D01F5FEF3000490BFC /* WKZBUITests.xctest */,
			);
			name = Products;
			sourceTree = "<group>";
		};
		25B648B31F5FEF3000490BFC /* WKZB */ = {
			isa = PBXGroup;
			children = (
				25B648E81F5FF34800490BFC /* Classes */,
				25B648B41F5FEF3000490BFC /* AppDelegate.swift */,
				25B648BB1F5FEF3000490BFC /* Assets.xcassets */,
				25B648BD1F5FEF3000490BFC /* LaunchScreen.storyboard */,
				25B648C01F5FEF3000490BFC /* Info.plist */,
			);
			path = WKZB;
			sourceTree = "<group>";
		};
		25B648C81F5FEF3000490BFC /* WKZBTests */ = {
			isa = PBXGroup;
			children = (
				25B648C91F5FEF3000490BFC /* WKZBTests.swift */,
				25B648CB1F5FEF3000490BFC /* Info.plist */,
			);
			path = WKZBTests;
			sourceTree = "<group>";
		};
		25B648D31F5FEF3000490BFC /* WKZBUITests */ = {
			isa = PBXGroup;
			children = (
				25B648D41F5FEF3000490BFC /* WKZBUITests.swift */,
				25B648D61F5FEF3000490BFC /* Info.plist */,
			);
			path = WKZBUITests;
			sourceTree = "<group>";
		};
		25B648E81F5FF34800490BFC /* Classes */ = {
			isa = PBXGroup;
			children = (
				25B648E91F5FF34800490BFC /* Main */,
				25B648FA1F5FF34800490BFC /* 直播 */,
				25B648F61F5FF34800490BFC /* 排行 */,
				25B648EE1F5FF34800490BFC /* 发现 */,
				25B648F21F5FF34800490BFC /* 我的 */,
			);
			path = Classes;
			sourceTree = "<group>";
		};
		25B648E91F5FF34800490BFC /* Main */ = {
			isa = PBXGroup;
			children = (
				25B6491A1F60F28C00490BFC /* Extension */,
				25B6491D1F60F28C00490BFC /* Tools */,
				25B648EA1F5FF34800490BFC /* Controller */,
				25B648EC1F5FF34800490BFC /* Model */,
				25B648ED1F5FF34800490BFC /* View */,
			);
			path = Main;
			sourceTree = "<group>";
		};
		25B648EA1F5FF34800490BFC /* Controller */ = {
			isa = PBXGroup;
			children = (
				25B648EB1F5FF34800490BFC /* WKTabBarController.swift */,
			);
			path = Controller;
			sourceTree = "<group>";
		};
		25B648EC1F5FF34800490BFC /* Model */ = {
			isa = PBXGroup;
			children = (
			);
			path = Model;
			sourceTree = "<group>";
		};
		25B648ED1F5FF34800490BFC /* View */ = {
			isa = PBXGroup;
			children = (
				25B648E61F5FF28300490BFC /* Main.storyboard */,
				25B649201F60F3D200490BFC /* WKPageView.swift */,
				25B649261F60F60500490BFC /* WKPageStyle.swift */,
				25B649221F60F3E100490BFC /* WKPageTitleView.swift */,
				25B649241F60F3F700490BFC /* WKPageContentView.swift */,
			);
			path = View;
			sourceTree = "<group>";
		};
		25B648EE1F5FF34800490BFC /* 发现 */ = {
			isa = PBXGroup;
			children = (
				25B648EF1F5FF34800490BFC /* Controller */,
				25B648F01F5FF34800490BFC /* Model */,
				25B648F11F5FF34800490BFC /* View */,
			);
			path = "发现";
			sourceTree = "<group>";
		};
		25B648EF1F5FF34800490BFC /* Controller */ = {
			isa = PBXGroup;
			children = (
				25B649091F5FFC4800490BFC /* WKFindViewController.swift */,
			);
			path = Controller;
			sourceTree = "<group>";
		};
		25B648F01F5FF34800490BFC /* Model */ = {
			isa = PBXGroup;
			children = (
			);
			path = Model;
			sourceTree = "<group>";
		};
		25B648F11F5FF34800490BFC /* View */ = {
			isa = PBXGroup;
			children = (
				25B6490B1F5FFC5100490BFC /* WKFindViewController.storyboard */,
			);
			path = View;
			sourceTree = "<group>";
		};
		25B648F21F5FF34800490BFC /* 我的 */ = {
			isa = PBXGroup;
			children = (
				25B648F31F5FF34800490BFC /* Controller */,
				25B648F41F5FF34800490BFC /* Model */,
				25B648F51F5FF34800490BFC /* View */,
			);
			path = "我的";
			sourceTree = "<group>";
		};
		25B648F31F5FF34800490BFC /* Controller */ = {
			isa = PBXGroup;
			children = (
				25B6490D1F5FFC5F00490BFC /* WKMyViewController.swift */,
			);
			path = Controller;
			sourceTree = "<group>";
		};
		25B648F41F5FF34800490BFC /* Model */ = {
			isa = PBXGroup;
			children = (
			);
			path = Model;
			sourceTree = "<group>";
		};
		25B648F51F5FF34800490BFC /* View */ = {
			isa = PBXGroup;
			children = (
				25B6490F1F5FFC6900490BFC /* WKMyViewController.storyboard */,
			);
			path = View;
			sourceTree = "<group>";
		};
		25B648F61F5FF34800490BFC /* 排行 */ = {
			isa = PBXGroup;
			children = (
				25B648F71F5FF34800490BFC /* Controller */,
				25B648F81F5FF34800490BFC /* Model */,
				25B648F91F5FF34800490BFC /* View */,
			);
			path = "排行";
			sourceTree = "<group>";
		};
		25B648F71F5FF34800490BFC /* Controller */ = {
			isa = PBXGroup;
			children = (
				25B649051F5FFC1E00490BFC /* WKRankViewController.swift */,
			);
			path = Controller;
			sourceTree = "<group>";
		};
		25B648F81F5FF34800490BFC /* Model */ = {
			isa = PBXGroup;
			children = (
			);
			path = Model;
			sourceTree = "<group>";
		};
		25B648F91F5FF34800490BFC /* View */ = {
			isa = PBXGroup;
			children = (
				25B649071F5FFC2B00490BFC /* WKRankViewController.storyboard */,
			);
			path = View;
			sourceTree = "<group>";
		};
		25B648FA1F5FF34800490BFC /* 直播 */ = {
			isa = PBXGroup;
			children = (
				25B648FB1F5FF34800490BFC /* Controller */,
				25B648FC1F5FF34800490BFC /* Model */,
				25B648FD1F5FF34800490BFC /* View */,
			);
			path = "直播";
			sourceTree = "<group>";
		};
		25B648FB1F5FF34800490BFC /* Controller */ = {
			isa = PBXGroup;
			children = (
				25B648FF1F5FF39200490BFC /* WKLiveViewController.swift */,
				25B649151F6001E500490BFC /* WKNavViewController.swift */,
			);
			path = Controller;
			sourceTree = "<group>";
		};
		25B648FC1F5FF34800490BFC /* Model */ = {
			isa = PBXGroup;
			children = (
			);
			path = Model;
			sourceTree = "<group>";
		};
		25B648FD1F5FF34800490BFC /* View */ = {
			isa = PBXGroup;
			children = (
				25B649031F5FF3B100490BFC /* WKLiveViewController.storyboard */,
			);
			path = View;
			sourceTree = "<group>";
		};
		25B6491A1F60F28C00490BFC /* Extension */ = {
			isa = PBXGroup;
			children = (
				25B6491B1F60F28C00490BFC /* UIBarButtonItem-Extension.swift */,
				25B6491C1F60F28C00490BFC /* UIColor+Extension.swift */,
			);
			path = Extension;
			sourceTree = "<group>";
		};
		25B6491D1F60F28C00490BFC /* Tools */ = {
			isa = PBXGroup;
			children = (
				25B649281F60F8DD00490BFC /* Common.swift */,
			);
			path = Tools;
			sourceTree = "<group>";
		};
/* End PBXGroup section */

/* Begin PBXNativeTarget section */
		25B648B01F5FEF3000490BFC /* WKZB */ = {
			isa = PBXNativeTarget;
			buildConfigurationList = 25B648D91F5FEF3000490BFC /* Build configuration list for PBXNativeTarget "WKZB" */;
			buildPhases = (
				25B648AD1F5FEF3000490BFC /* Sources */,
				25B648AE1F5FEF3000490BFC /* Frameworks */,
				25B648AF1F5FEF3000490BFC /* Resources */,
			);
			buildRules = (
			);
			dependencies = (
			);
			name = WKZB;
			productName = WKZB;
			productReference = 25B648B11F5FEF3000490BFC /* WKZB.app */;
			productType = "com.apple.product-type.application";
		};
		25B648C41F5FEF3000490BFC /* WKZBTests */ = {
			isa = PBXNativeTarget;
			buildConfigurationList = 25B648DC1F5FEF3000490BFC /* Build configuration list for PBXNativeTarget "WKZBTests" */;
			buildPhases = (
				25B648C11F5FEF3000490BFC /* Sources */,
				25B648C21F5FEF3000490BFC /* Frameworks */,
				25B648C31F5FEF3000490BFC /* Resources */,
			);
			buildRules = (
			);
			dependencies = (
				25B648C71F5FEF3000490BFC /* PBXTargetDependency */,
			);
			name = WKZBTests;
			productName = WKZBTests;
			productReference = 25B648C51F5FEF3000490BFC /* WKZBTests.xctest */;
			productType = "com.apple.product-type.bundle.unit-test";
		};
		25B648CF1F5FEF3000490BFC /* WKZBUITests */ = {
			isa = PBXNativeTarget;
			buildConfigurationList = 25B648DF1F5FEF3000490BFC /* Build configuration list for PBXNativeTarget "WKZBUITests" */;
			buildPhases = (
				25B648CC1F5FEF3000490BFC /* Sources */,
				25B648CD1F5FEF3000490BFC /* Frameworks */,
				25B648CE1F5FEF3000490BFC /* Resources */,
			);
			buildRules = (
			);
			dependencies = (
				25B648D21F5FEF3000490BFC /* PBXTargetDependency */,
			);
			name = WKZBUITests;
			productName = WKZBUITests;
			productReference = 25B648D01F5FEF3000490BFC /* WKZBUITests.xctest */;
			productType = "com.apple.product-type.bundle.ui-testing";
		};
/* End PBXNativeTarget section */

/* Begin PBXProject section */
		25B648A91F5FEF3000490BFC /* Project object */ = {
			isa = PBXProject;
			attributes = {
				CLASSPREFIX = WK;
				LastSwiftUpdateCheck = 0830;
				LastUpgradeCheck = 0830;
				ORGANIZATIONNAME = "阿拉斯加的🐶";
				TargetAttributes = {
					25B648B01F5FEF3000490BFC = {
						CreatedOnToolsVersion = 8.3.3;
						DevelopmentTeam = 8Y2G5F25VK;
						ProvisioningStyle = Automatic;
					};
					25B648C41F5FEF3000490BFC = {
						CreatedOnToolsVersion = 8.3.3;
						DevelopmentTeam = 8Y2G5F25VK;
						ProvisioningStyle = Automatic;
						TestTargetID = 25B648B01F5FEF3000490BFC;
					};
					25B648CF1F5FEF3000490BFC = {
						CreatedOnToolsVersion = 8.3.3;
						DevelopmentTeam = 8Y2G5F25VK;
						ProvisioningStyle = Automatic;
						TestTargetID = 25B648B01F5FEF3000490BFC;
					};
				};
			};
			buildConfigurationList = 25B648AC1F5FEF3000490BFC /* Build configuration list for PBXProject "WKZB" */;
			compatibilityVersion = "Xcode 3.2";
			developmentRegion = English;
			hasScannedForEncodings = 0;
			knownRegions = (
				en,
				Base,
			);
			mainGroup = 25B648A81F5FEF3000490BFC;
			productRefGroup = 25B648B21F5FEF3000490BFC /* Products */;
			projectDirPath = "";
			projectRoot = "";
			targets = (
				25B648B01F5FEF3000490BFC /* WKZB */,
				25B648C41F5FEF3000490BFC /* WKZBTests */,
				25B648CF1F5FEF3000490BFC /* WKZBUITests */,
			);
		};
/* End PBXProject section */

/* Begin PBXResourcesBuildPhase section */
		25B648AF1F5FEF3000490BFC /* Resources */ = {
			isa = PBXResourcesBuildPhase;
			buildActionMask = 2147483647;
			files = (
				25B648E71F5FF28300490BFC /* Main.storyboard in Resources */,
				25B648BF1F5FEF3000490BFC /* LaunchScreen.storyboard in Resources */,
				25B648BC1F5FEF3000490BFC /* Assets.xcassets in Resources */,
				25B649081F5FFC2B00490BFC /* WKRankViewController.storyboard in Resources */,
				25B6490C1F5FFC5100490BFC /* WKFindViewController.storyboard in Resources */,
				25B649041F5FF3B100490BFC /* WKLiveViewController.storyboard in Resources */,
				25B649101F5FFC6900490BFC /* WKMyViewController.storyboard in Resources */,
			);
			runOnlyForDeploymentPostprocessing = 0;
		};
		25B648C31F5FEF3000490BFC /* Resources */ = {
			isa = PBXResourcesBuildPhase;
			buildActionMask = 2147483647;
			files = (
			);
			runOnlyForDeploymentPostprocessing = 0;
		};
		25B648CE1F5FEF3000490BFC /* Resources */ = {
			isa = PBXResourcesBuildPhase;
			buildActionMask = 2147483647;
			files = (
			);
			runOnlyForDeploymentPostprocessing = 0;
		};
/* End PBXResourcesBuildPhase section */

/* Begin PBXSourcesBuildPhase section */
		25B648AD1F5FEF3000490BFC /* Sources */ = {
			isa = PBXSourcesBuildPhase;
			buildActionMask = 2147483647;
			files = (
				25B6491E1F60F28C00490BFC /* UIBarButtonItem-Extension.swift in Sources */,
				25B6490E1F5FFC5F00490BFC /* WKMyViewController.swift in Sources */,
				25B6491F1F60F28C00490BFC /* UIColor+Extension.swift in Sources */,
				25B649251F60F3F700490BFC /* WKPageContentView.swift in Sources */,
				25B649271F60F60500490BFC /* WKPageStyle.swift in Sources */,
				25B6490A1F5FFC4800490BFC /* WKFindViewController.swift in Sources */,
				25B649291F60F8DD00490BFC /* Common.swift in Sources */,
				25B648B51F5FEF3000490BFC /* AppDelegate.swift in Sources */,
				25B649161F6001E500490BFC /* WKNavViewController.swift in Sources */,
				25B649011F5FF39200490BFC /* WKLiveViewController.swift in Sources */,
				25B649211F60F3D200490BFC /* WKPageView.swift in Sources */,
				25B649061F5FFC1E00490BFC /* WKRankViewController.swift in Sources */,
				25B649231F60F3E100490BFC /* WKPageTitleView.swift in Sources */,
				25B648FE1F5FF34800490BFC /* WKTabBarController.swift in Sources */,
			);
			runOnlyForDeploymentPostprocessing = 0;
		};
		25B648C11F5FEF3000490BFC /* Sources */ = {
			isa = PBXSourcesBuildPhase;
			buildActionMask = 2147483647;
			files = (
				25B648CA1F5FEF3000490BFC /* WKZBTests.swift in Sources */,
			);
			runOnlyForDeploymentPostprocessing = 0;
		};
		25B648CC1F5FEF3000490BFC /* Sources */ = {
			isa = PBXSourcesBuildPhase;
			buildActionMask = 2147483647;
			files = (
				25B648D51F5FEF3000490BFC /* WKZBUITests.swift in Sources */,
			);
			runOnlyForDeploymentPostprocessing = 0;
		};
/* End PBXSourcesBuildPhase section */

/* Begin PBXTargetDependency section */
		25B648C71F5FEF3000490BFC /* PBXTargetDependency */ = {
			isa = PBXTargetDependency;
			target = 25B648B01F5FEF3000490BFC /* WKZB */;
			targetProxy = 25B648C61F5FEF3000490BFC /* PBXContainerItemProxy */;
		};
		25B648D21F5FEF3000490BFC /* PBXTargetDependency */ = {
			isa = PBXTargetDependency;
			target = 25B648B01F5FEF3000490BFC /* WKZB */;
			targetProxy = 25B648D11F5FEF3000490BFC /* PBXContainerItemProxy */;
		};
/* End PBXTargetDependency section */

/* Begin PBXVariantGroup section */
		25B648BD1F5FEF3000490BFC /* LaunchScreen.storyboard */ = {
			isa = PBXVariantGroup;
			children = (
				25B648BE1F5FEF3000490BFC /* Base */,
			);
			name = LaunchScreen.storyboard;
			sourceTree = "<group>";
		};
/* End PBXVariantGroup section */

/* Begin XCBuildConfiguration section */
		25B648D71F5FEF3000490BFC /* Debug */ = {
			isa = XCBuildConfiguration;
			buildSettings = {
				ALWAYS_SEARCH_USER_PATHS = NO;
				CLANG_ANALYZER_NONNULL = YES;
				CLANG_ANALYZER_NUMBER_OBJECT_CONVERSION = YES_AGGRESSIVE;
				CLANG_CXX_LANGUAGE_STANDARD = "gnu++0x";
				CLANG_CXX_LIBRARY = "libc++";
				CLANG_ENABLE_MODULES = YES;
				CLANG_ENABLE_OBJC_ARC = YES;
				CLANG_WARN_BOOL_CONVERSION = YES;
				CLANG_WARN_CONSTANT_CONVERSION = YES;
				CLANG_WARN_DIRECT_OBJC_ISA_USAGE = YES_ERROR;
				CLANG_WARN_DOCUMENTATION_COMMENTS = YES;
				CLANG_WARN_EMPTY_BODY = YES;
				CLANG_WARN_ENUM_CONVERSION = YES;
				CLANG_WARN_INFINITE_RECURSION = YES;
				CLANG_WARN_INT_CONVERSION = YES;
				CLANG_WARN_OBJC_ROOT_CLASS = YES_ERROR;
				CLANG_WARN_SUSPICIOUS_MOVE = YES;
				CLANG_WARN_UNREACHABLE_CODE = YES;
				CLANG_WARN__DUPLICATE_METHOD_MATCH = YES;
				"CODE_SIGN_IDENTITY[sdk=iphoneos*]" = "iPhone Developer";
				COPY_PHASE_STRIP = NO;
				DEBUG_INFORMATION_FORMAT = dwarf;
				ENABLE_STRICT_OBJC_MSGSEND = YES;
				ENABLE_TESTABILITY = YES;
				GCC_C_LANGUAGE_STANDARD = gnu99;
				GCC_DYNAMIC_NO_PIC = NO;
				GCC_NO_COMMON_BLOCKS = YES;
				GCC_OPTIMIZATION_LEVEL = 0;
				GCC_PREPROCESSOR_DEFINITIONS = (
					"DEBUG=1",
					"$(inherited)",
				);
				GCC_WARN_64_TO_32_BIT_CONVERSION = YES;
				GCC_WARN_ABOUT_RETURN_TYPE = YES_ERROR;
				GCC_WARN_UNDECLARED_SELECTOR = YES;
				GCC_WARN_UNINITIALIZED_AUTOS = YES_AGGRESSIVE;
				GCC_WARN_UNUSED_FUNCTION = YES;
				GCC_WARN_UNUSED_VARIABLE = YES;
				IPHONEOS_DEPLOYMENT_TARGET = 10.3;
				MTL_ENABLE_DEBUG_INFO = YES;
				ONLY_ACTIVE_ARCH = YES;
				SDKROOT = iphoneos;
				SWIFT_ACTIVE_COMPILATION_CONDITIONS = DEBUG;
				SWIFT_OPTIMIZATION_LEVEL = "-Onone";
			};
			name = Debug;
		};
		25B648D81F5FEF3000490BFC /* Release */ = {
			isa = XCBuildConfiguration;
			buildSettings = {
				ALWAYS_SEARCH_USER_PATHS = NO;
				CLANG_ANALYZER_NONNULL = YES;
				CLANG_ANALYZER_NUMBER_OBJECT_CONVERSION = YES_AGGRESSIVE;
				CLANG_CXX_LANGUAGE_STANDARD = "gnu++0x";
				CLANG_CXX_LIBRARY = "libc++";
				CLANG_ENABLE_MODULES = YES;
				CLANG_ENABLE_OBJC_ARC = YES;
				CLANG_WARN_BOOL_CONVERSION = YES;
				CLANG_WARN_CONSTANT_CONVERSION = YES;
				CLANG_WARN_DIRECT_OBJC_ISA_USAGE = YES_ERROR;
				CLANG_WARN_DOCUMENTATION_COMMENTS = YES;
				CLANG_WARN_EMPTY_BODY = YES;
				CLANG_WARN_ENUM_CONVERSION = YES;
				CLANG_WARN_INFINITE_RECURSION = YES;
				CLANG_WARN_INT_CONVERSION = YES;
				CLANG_WARN_OBJC_ROOT_CLASS = YES_ERROR;
				CLANG_WARN_SUSPICIOUS_MOVE = YES;
				CLANG_WARN_UNREACHABLE_CODE = YES;
				CLANG_WARN__DUPLICATE_METHOD_MATCH = YES;
				"CODE_SIGN_IDENTITY[sdk=iphoneos*]" = "iPhone Developer";
				COPY_PHASE_STRIP = NO;
				DEBUG_INFORMATION_FORMAT = "dwarf-with-dsym";
				ENABLE_NS_ASSERTIONS = NO;
				ENABLE_STRICT_OBJC_MSGSEND = YES;
				GCC_C_LANGUAGE_STANDARD = gnu99;
				GCC_NO_COMMON_BLOCKS = YES;
				GCC_WARN_64_TO_32_BIT_CONVERSION = YES;
				GCC_WARN_ABOUT_RETURN_TYPE = YES_ERROR;
				GCC_WARN_UNDECLARED_SELECTOR = YES;
				GCC_WARN_UNINITIALIZED_AUTOS = YES_AGGRESSIVE;
				GCC_WARN_UNUSED_FUNCTION = YES;
				GCC_WARN_UNUSED_VARIABLE = YES;
				IPHONEOS_DEPLOYMENT_TARGET = 10.3;
				MTL_ENABLE_DEBUG_INFO = NO;
				SDKROOT = iphoneos;
				SWIFT_OPTIMIZATION_LEVEL = "-Owholemodule";
				VALIDATE_PRODUCT = YES;
			};
			name = Release;
		};
		25B648DA1F5FEF3000490BFC /* Debug */ = {
			isa = XCBuildConfiguration;
			buildSettings = {
				ASSETCATALOG_COMPILER_APPICON_NAME = AppIcon;
				ASSETCATALOG_COMPILER_LAUNCHIMAGE_NAME = LaunchImage;
				DEVELOPMENT_TEAM = 8Y2G5F25VK;
				INFOPLIST_FILE = WKZB/Info.plist;
				IPHONEOS_DEPLOYMENT_TARGET = 10.0;
				LD_RUNPATH_SEARCH_PATHS = "$(inherited) @executable_path/Frameworks";
				PRODUCT_BUNDLE_IDENTIFIER = net.colorfulclouds.app.WKZB;
				PRODUCT_NAME = "$(TARGET_NAME)";
				SWIFT_VERSION = 3.0;
			};
			name = Debug;
		};
		25B648DB1F5FEF3000490BFC /* Release */ = {
			isa = XCBuildConfiguration;
			buildSettings = {
				ASSETCATALOG_COMPILER_APPICON_NAME = AppIcon;
				ASSETCATALOG_COMPILER_LAUNCHIMAGE_NAME = LaunchImage;
				DEVELOPMENT_TEAM = 8Y2G5F25VK;
				INFOPLIST_FILE = WKZB/Info.plist;
				IPHONEOS_DEPLOYMENT_TARGET = 10.0;
				LD_RUNPATH_SEARCH_PATHS = "$(inherited) @executable_path/Frameworks";
				PRODUCT_BUNDLE_IDENTIFIER = net.colorfulclouds.app.WKZB;
				PRODUCT_NAME = "$(TARGET_NAME)";
				SWIFT_VERSION = 3.0;
			};
			name = Release;
		};
		25B648DD1F5FEF3000490BFC /* Debug */ = {
			isa = XCBuildConfiguration;
			buildSettings = {
				ALWAYS_EMBED_SWIFT_STANDARD_LIBRARIES = YES;
				BUNDLE_LOADER = "$(TEST_HOST)";
				DEVELOPMENT_TEAM = 8Y2G5F25VK;
				INFOPLIST_FILE = WKZBTests/Info.plist;
				LD_RUNPATH_SEARCH_PATHS = "$(inherited) @executable_path/Frameworks @loader_path/Frameworks";
				PRODUCT_BUNDLE_IDENTIFIER = net.colorfulclouds.app.WKZBTests;
				PRODUCT_NAME = "$(TARGET_NAME)";
				SWIFT_VERSION = 3.0;
				TEST_HOST = "$(BUILT_PRODUCTS_DIR)/WKZB.app/WKZB";
			};
			name = Debug;
		};
		25B648DE1F5FEF3000490BFC /* Release */ = {
			isa = XCBuildConfiguration;
			buildSettings = {
				ALWAYS_EMBED_SWIFT_STANDARD_LIBRARIES = YES;
				BUNDLE_LOADER = "$(TEST_HOST)";
				DEVELOPMENT_TEAM = 8Y2G5F25VK;
				INFOPLIST_FILE = WKZBTests/Info.plist;
				LD_RUNPATH_SEARCH_PATHS = "$(inherited) @executable_path/Frameworks @loader_path/Frameworks";
				PRODUCT_BUNDLE_IDENTIFIER = net.colorfulclouds.app.WKZBTests;
				PRODUCT_NAME = "$(TARGET_NAME)";
				SWIFT_VERSION = 3.0;
				TEST_HOST = "$(BUILT_PRODUCTS_DIR)/WKZB.app/WKZB";
			};
			name = Release;
		};
		25B648E01F5FEF3000490BFC /* Debug */ = {
			isa = XCBuildConfiguration;
			buildSettings = {
				ALWAYS_EMBED_SWIFT_STANDARD_LIBRARIES = YES;
				DEVELOPMENT_TEAM = 8Y2G5F25VK;
				INFOPLIST_FILE = WKZBUITests/Info.plist;
				LD_RUNPATH_SEARCH_PATHS = "$(inherited) @executable_path/Frameworks @loader_path/Frameworks";
				PRODUCT_BUNDLE_IDENTIFIER = net.colorfulclouds.app.WKZBUITests;
				PRODUCT_NAME = "$(TARGET_NAME)";
				SWIFT_VERSION = 3.0;
				TEST_TARGET_NAME = WKZB;
			};
			name = Debug;
		};
		25B648E11F5FEF3000490BFC /* Release */ = {
			isa = XCBuildConfiguration;
			buildSettings = {
				ALWAYS_EMBED_SWIFT_STANDARD_LIBRARIES = YES;
				DEVELOPMENT_TEAM = 8Y2G5F25VK;
				INFOPLIST_FILE = WKZBUITests/Info.plist;
				LD_RUNPATH_SEARCH_PATHS = "$(inherited) @executable_path/Frameworks @loader_path/Frameworks";
				PRODUCT_BUNDLE_IDENTIFIER = net.colorfulclouds.app.WKZBUITests;
				PRODUCT_NAME = "$(TARGET_NAME)";
				SWIFT_VERSION = 3.0;
				TEST_TARGET_NAME = WKZB;
			};
			name = Release;
		};
/* End XCBuildConfiguration section */

/* Begin XCConfigurationList section */
		25B648AC1F5FEF3000490BFC /* Build configuration list for PBXProject "WKZB" */ = {
			isa = XCConfigurationList;
			buildConfigurations = (
				25B648D71F5FEF3000490BFC /* Debug */,
				25B648D81F5FEF3000490BFC /* Release */,
			);
			defaultConfigurationIsVisible = 0;
			defaultConfigurationName = Release;
		};
		25B648D91F5FEF3000490BFC /* Build configuration list for PBXNativeTarget "WKZB" */ = {
			isa = XCConfigurationList;
			buildConfigurations = (
				25B648DA1F5FEF3000490BFC /* Debug */,
				25B648DB1F5FEF3000490BFC /* Release */,
			);
			defaultConfigurationIsVisible = 0;
		};
		25B648DC1F5FEF3000490BFC /* Build configuration list for PBXNativeTarget "WKZBTests" */ = {
			isa = XCConfigurationList;
			buildConfigurations = (
				25B648DD1F5FEF3000490BFC /* Debug */,
				25B648DE1F5FEF3000490BFC /* Release */,
			);
			defaultConfigurationIsVisible = 0;
		};
		25B648DF1F5FEF3000490BFC /* Build configuration list for PBXNativeTarget "WKZBUITests" */ = {
			isa = XCConfigurationList;
			buildConfigurations = (
				25B648E01F5FEF3000490BFC /* Debug */,
				25B648E11F5FEF3000490BFC /* Release */,
			);
			defaultConfigurationIsVisible = 0;
		};
/* End XCConfigurationList section */
	};
	rootObject = 25B648A91F5FEF3000490BFC /* Project object */;
}
